<?xml version="1.0" encoding="utf-8"?>
<Project ToolsVersion="4.0" xmlns="http://schemas.microsoft.com/developer/msbuild/2003">
  <ItemGroup>
    <Filter Include="源文件">
      <UniqueIdentifier>{4FC737F1-C7A5-4376-A066-2A32D752A2FF}</UniqueIdentifier>
      <Extensions>cpp;c;cc;cxx;def;odl;idl;hpj;bat;asm;asmx</Extensions>
    </Filter>
    <Filter Include="头文件">
      <UniqueIdentifier>{93995380-89BD-4b04-88EB-625FBE52EBFB}</UniqueIdentifier>
      <Extensions>h;hh;hpp;hxx;hm;inl;inc;xsd</Extensions>
    </Filter>
    <Filter Include="资源文件">
      <UniqueIdentifier>{67DA6AB6-F800-4c08-8B7A-83BB121AAD01}</UniqueIdentifier>
      <Extensions>rc;ico;cur;bmp;dlg;rc2;rct;bin;rgs;gif;jpg;jpeg;jpe;resx;tiff;tif;png;wav;mfcribbon-ms</Extensions>
    </Filter>
    <Filter Include="源文件\0902">
      <UniqueIdentifier>{c4182491-5151-42ef-a1cc-c6c0e2a9bda3}</UniqueIdentifier>
    </Filter>
    <Filter Include="源文件\0903">
      <UniqueIdentifier>{51c5f0d8-21cc-46cd-9446-b8e9e7900f78}</UniqueIdentifier>
    </Filter>
    <Filter Include="源文件\0904">
      <UniqueIdentifier>{fbd2e243-c4b5-4d55-88ad-1afe465e2a00}</UniqueIdentifier>
    </Filter>
    <Filter Include="源文件\0907">
      <UniqueIdentifier>{15fee014-7155-4e64-8da2-229f4fca2c80}</UniqueIdentifier>
    </Filter>
    <Filter Include="源文件\0918">
      <UniqueIdentifier>{b0a77974-14ca-4455-abad-24f7cdd12c7a}</UniqueIdentifier>
    </Filter>
    <Filter Include="源文件\0919">
      <UniqueIdentifier>{42f2648d-f462-4a79-8972-e5dda5ba8ac9}</UniqueIdentifier>
    </Filter>
    <Filter Include="源文件\0921">
      <UniqueIdentifier>{c92e1f6e-5aa8-43eb-ab01-aba1045b9390}</UniqueIdentifier>
    </Filter>
  </ItemGroup>
  <ItemGroup>
    <ClCompile Include="test02.cpp">
      <Filter>源文件\0902</Filter>
    </ClCompile>
    <ClCompile Include="090301.cpp">
      <Filter>源文件\0903</Filter>
    </ClCompile>
    <ClCompile Include="090401.cpp">
      <Filter>源文件\0904</Filter>
    </ClCompile>
    <ClCompile Include="090402.cpp">
      <Filter>源文件\0904</Filter>
    </ClCompile>
    <ClCompile Include="090403.cpp">
      <Filter>源文件\0904</Filter>
    </ClCompile>
    <ClCompile Include="090701.cpp">
      <Filter>源文件\0907</Filter>
    </ClCompile>
    <ClCompile Include="090702.cpp">
      <Filter>源文件\0907</Filter>
    </ClCompile>
    <ClCompile Include="090703.cpp">
      <Filter>源文件\0907</Filter>
    </ClCompile>
    <ClCompile Include="090704.cpp">
      <Filter>源文件\0907</Filter>
    </ClCompile>
    <ClCompile Include="090705.cpp">
      <Filter>源文件\0907</Filter>
    </ClCompile>
    <ClCompile Include="090201.cpp">
      <Filter>源文件\0902</Filter>
    </ClCompile>
    <ClCompile Include="090706.cpp">
      <Filter>源文件\0907</Filter>
    </ClCompile>
    <ClCompile Include="090707.cpp">
      <Filter>源文件\0907</Filter>
    </ClCompile>
    <ClCompile Include="090708.cpp">
      <Filter>源文件\0907</Filter>
    </ClCompile>
    <ClCompile Include="090705-2.cpp">
      <Filter>源文件\0907</Filter>
    </ClCompile>
    <ClCompile Include="090709.cpp">
      <Filter>源文件\0907</Filter>
    </ClCompile>
    <ClCompile Include="090710.cpp">
      <Filter>源文件\0907</Filter>
    </ClCompile>
    <ClCompile Include="090711.cpp">
      <Filter>源文件\0907</Filter>
    </ClCompile>
    <ClCompile Include="090712.cpp">
      <Filter>源文件\0907</Filter>
    </ClCompile>
    <ClCompile Include="090714.cpp">
      <Filter>源文件\0907</Filter>
    </ClCompile>
    <ClCompile Include="090715.cpp">
      <Filter>源文件\0907</Filter>
    </ClCompile>
    <ClCompile Include="090716.cpp">
      <Filter>源文件\0907</Filter>
    </ClCompile>
    <ClCompile Include="090717.cpp">
      <Filter>源文件\0907</Filter>
    </ClCompile>
    <ClCompile Include="091801.cpp">
      <Filter>源文件\0918</Filter>
    </ClCompile>
    <ClCompile Include="091802.cpp">
      <Filter>源文件\0918</Filter>
    </ClCompile>
    <ClCompile Include="091803.cpp">
      <Filter>源文件\0918</Filter>
    </ClCompile>
    <ClCompile Include="091804.cpp">
      <Filter>源文件\0918</Filter>
    </ClCompile>
    <ClCompile Include="091805.cpp">
      <Filter>源文件\0918</Filter>
    </ClCompile>
    <ClCompile Include="091806.cpp">
      <Filter>源文件\0918</Filter>
    </ClCompile>
    <ClCompile Include="091901.cpp">
      <Filter>源文件\0919</Filter>
    </ClCompile>
    <ClCompile Include="091902.cpp">
      <Filter>源文件\0919</Filter>
    </ClCompile>
    <ClCompile Include="091903.cpp">
      <Filter>源文件\0919</Filter>
    </ClCompile>
    <ClCompile Include="091904.cpp">
      <Filter>源文件\0919</Filter>
    </ClCompile>
    <ClCompile Include="091905.cpp">
      <Filter>源文件\0919</Filter>
    </ClCompile>
    <ClCompile Include="091906.cpp">
      <Filter>源文件\0919</Filter>
    </ClCompile>
    <ClCompile Include="091907.cpp">
      <Filter>源文件\0919</Filter>
    </ClCompile>
    <ClCompile Include="091908.cpp">
      <Filter>源文件\0919</Filter>
    </ClCompile>
    <ClCompile Include="091909.cpp">
      <Filter>源文件\0919</Filter>
    </ClCompile>
    <ClCompile Include="091910.cpp">
      <Filter>源文件\0919</Filter>
    </ClCompile>
    <ClCompile Include="091911.cpp">
      <Filter>源文件\0919</Filter>
    </ClCompile>
    <ClCompile Include="091912.cpp">
      <Filter>源文件\0919</Filter>
    </ClCompile>
    <ClCompile Include="091914.cpp">
      <Filter>源文件\0919</Filter>
    </ClCompile>
    <ClCompile Include="092101.cpp">
      <Filter>源文件\0921</Filter>
    </ClCompile>
    <ClCompile Include="092102.cpp">
      <Filter>源文件\0921</Filter>
    </ClCompile>
    <ClCompile Include="092103.cpp">
      <Filter>源文件\0921</Filter>
    </ClCompile>
    <ClCompile Include="092104.cpp">
      <Filter>源文件\0921</Filter>
    </ClCompile>
  </ItemGroup>
</Project>